
Microsoft Visual Studio Solution File, Format Version 12.00
# Visual Studio Version 17
VisualStudioVersion = 17.9.34607.119
MinimumVisualStudioVersion = 10.0.40219.1
Project("{FAE04EC0-301F-11D3-BF4B-00C04F79EFBC}") = "RefactorReportService", "RefactorReportService\RefactorReportService.csproj", "{92FCE33D-96DC-4F56-93B8-C50CF969D753}"
EndProject
Global
	GlobalSection(SolutionConfigurationPlatforms) = preSolution
		Debug|Any CPU = Debug|Any CPU
		Release|Any CPU = Release|Any CPU
	EndGlobalSection
	GlobalSection(ProjectConfigurationPlatforms) = postSolution
		{92FCE33D-96DC-4F56-93B8-C50CF969D753}.Debug|Any CPU.ActiveCfg = Debug|Any CPU
		{92FCE33D-96DC-4F56-93B8-C50CF969D753}.Debug|Any CPU.Build.0 = Debug|Any CPU
		{92FCE33D-96DC-4F56-93B8-C50CF969D753}.Release|Any CPU.ActiveCfg = Release|Any CPU
		{92FCE33D-96DC-4F56-93B8-C50CF969D753}.Release|Any CPU.Build.0 = Release|Any CPU
	EndGlobalSection
	GlobalSection(SolutionProperties) = preSolution
		HideSolutionNode = FALSE
	EndGlobalSection
	GlobalSection(ExtensibilityGlobals) = postSolution
		SolutionGuid = {F467992B-187E-44AE-A1A2-95AEFC542E55}
	EndGlobalSection
EndGlobal
